
Microsoft Visual Studio Solution File, Format Version 12.00
# Visual Studio Version 18
VisualStudioVersion = 18.6.11822.322
MinimumVisualStudioVersion = 10.0.40219.1
Project("{FAE04EC0-301F-11D3-BF4B-00C04F79EFBC}") = "CDBox", "CDBox.csproj", "{19F16DB7-C3B9-B299-B71F-82AE02A750FD}"
EndProject
Project("{FAE04EC0-301F-11D3-BF4B-00C04F79EFBC}") = "CDBox.CoreTests", "tests\CDBox.CoreTests\CDBox.CoreTests.csproj", "{7C41D47E-4498-44FC-A121-15A563745F11}"
EndProject
Project("{FAE04EC0-301F-11D3-BF4B-00C04F79EFBC}") = "CDBox.Shared", "CDBox.Shared\CDBox.Shared.csproj", "{6E2265B8-8A2C-4B40-908D-9F64E7EBC825}"
EndProject
Project("{FAE04EC0-301F-11D3-BF4B-00C04F79EFBC}") = "CDBox.Common", "CDBox.Common\CDBox.Common.csproj", "{8A407DC4-5FD0-4DC4-A03A-7D729A2D31FE}"
EndProject
Project("{FAE04EC0-301F-11D3-BF4B-00C04F79EFBC}") = "CDBox.Wastewater", "CDBox.Wastewater\CDBox.Wastewater.csproj", "{A25D875B-9A69-4A09-8B19-0575814D4294}"
EndProject
Project("{FAE04EC0-301F-11D3-BF4B-00C04F79EFBC}") = "CDBox.RealEstate", "CDBox.RealEstate\CDBox.RealEstate.csproj", "{FC7EE4A1-AED6-4F75-A848-263704B61453}"
EndProject
Project("{FAE04EC0-301F-11D3-BF4B-00C04F79EFBC}") = "CDBoxInstaller", "CDBoxInstaller\CDBoxInstaller.csproj", "{E7F38BD4-5B10-43D2-B29C-0C149119FB32}"
EndProject
Project("{FAE04EC0-301F-11D3-BF4B-00C04F79EFBC}") = "CDBox.ReleaseTool", "CDBox.ReleaseTool\CDBox.ReleaseTool.csproj", "{9A2A3B8E-BEB7-4E30-AD73-8261A93D578A}"
EndProject
Global
	GlobalSection(SolutionConfigurationPlatforms) = preSolution
		Debug|Any CPU = Debug|Any CPU
		Release|Any CPU = Release|Any CPU
	EndGlobalSection
	GlobalSection(ProjectConfigurationPlatforms) = postSolution
		{19F16DB7-C3B9-B299-B71F-82AE02A750FD}.Debug|Any CPU.ActiveCfg = Debug|Any CPU
		{19F16DB7-C3B9-B299-B71F-82AE02A750FD}.Debug|Any CPU.Build.0 = Debug|Any CPU
		{19F16DB7-C3B9-B299-B71F-82AE02A750FD}.Release|Any CPU.ActiveCfg = Release|Any CPU
		{19F16DB7-C3B9-B299-B71F-82AE02A750FD}.Release|Any CPU.Build.0 = Release|Any CPU

		{7C41D47E-4498-44FC-A121-15A563745F11}.Debug|Any CPU.ActiveCfg = Debug|Any CPU
		{7C41D47E-4498-44FC-A121-15A563745F11}.Debug|Any CPU.Build.0 = Debug|Any CPU
		{7C41D47E-4498-44FC-A121-15A563745F11}.Release|Any CPU.ActiveCfg = Release|Any CPU
		{7C41D47E-4498-44FC-A121-15A563745F11}.Release|Any CPU.Build.0 = Release|Any CPU
		{6E2265B8-8A2C-4B40-908D-9F64E7EBC825}.Debug|Any CPU.ActiveCfg = Debug|Any CPU
		{6E2265B8-8A2C-4B40-908D-9F64E7EBC825}.Debug|Any CPU.Build.0 = Debug|Any CPU
		{6E2265B8-8A2C-4B40-908D-9F64E7EBC825}.Release|Any CPU.ActiveCfg = Release|Any CPU
		{6E2265B8-8A2C-4B40-908D-9F64E7EBC825}.Release|Any CPU.Build.0 = Release|Any CPU
		{8A407DC4-5FD0-4DC4-A03A-7D729A2D31FE}.Debug|Any CPU.ActiveCfg = Debug|Any CPU
		{8A407DC4-5FD0-4DC4-A03A-7D729A2D31FE}.Debug|Any CPU.Build.0 = Debug|Any CPU
		{8A407DC4-5FD0-4DC4-A03A-7D729A2D31FE}.Release|Any CPU.ActiveCfg = Release|Any CPU
		{8A407DC4-5FD0-4DC4-A03A-7D729A2D31FE}.Release|Any CPU.Build.0 = Release|Any CPU
		{A25D875B-9A69-4A09-8B19-0575814D4294}.Debug|Any CPU.ActiveCfg = Debug|Any CPU
		{A25D875B-9A69-4A09-8B19-0575814D4294}.Debug|Any CPU.Build.0 = Debug|Any CPU
		{A25D875B-9A69-4A09-8B19-0575814D4294}.Release|Any CPU.ActiveCfg = Release|Any CPU
		{A25D875B-9A69-4A09-8B19-0575814D4294}.Release|Any CPU.Build.0 = Release|Any CPU
		{FC7EE4A1-AED6-4F75-A848-263704B61453}.Debug|Any CPU.ActiveCfg = Debug|Any CPU
		{FC7EE4A1-AED6-4F75-A848-263704B61453}.Debug|Any CPU.Build.0 = Debug|Any CPU
		{FC7EE4A1-AED6-4F75-A848-263704B61453}.Release|Any CPU.ActiveCfg = Release|Any CPU
		{FC7EE4A1-AED6-4F75-A848-263704B61453}.Release|Any CPU.Build.0 = Release|Any CPU
		{E7F38BD4-5B10-43D2-B29C-0C149119FB32}.Debug|Any CPU.ActiveCfg = Debug|Any CPU
		{E7F38BD4-5B10-43D2-B29C-0C149119FB32}.Debug|Any CPU.Build.0 = Debug|Any CPU
		{E7F38BD4-5B10-43D2-B29C-0C149119FB32}.Release|Any CPU.ActiveCfg = Release|Any CPU
		{E7F38BD4-5B10-43D2-B29C-0C149119FB32}.Release|Any CPU.Build.0 = Release|Any CPU
		{9A2A3B8E-BEB7-4E30-AD73-8261A93D578A}.Debug|Any CPU.ActiveCfg = Debug|Any CPU
		{9A2A3B8E-BEB7-4E30-AD73-8261A93D578A}.Debug|Any CPU.Build.0 = Debug|Any CPU
		{9A2A3B8E-BEB7-4E30-AD73-8261A93D578A}.Release|Any CPU.ActiveCfg = Release|Any CPU
		{9A2A3B8E-BEB7-4E30-AD73-8261A93D578A}.Release|Any CPU.Build.0 = Release|Any CPU
	EndGlobalSection
	GlobalSection(SolutionProperties) = preSolution
		HideSolutionNode = FALSE
	EndGlobalSection
	GlobalSection(ExtensibilityGlobals) = postSolution
		SolutionGuid = {773206A4-04CB-4EF3-AEED-35D3039D4873}
	EndGlobalSection
EndGlobal
